
Microsoft Visual Studio Solution File, Format Version 12.00
# Visual Studio 14
VisualStudioVersion = 14.0.23107.0
MinimumVisualStudioVersion = 10.0.40219.1
Project("{FAE04EC0-301F-11D3-BF4B-00C04F79EFBC}") = "MessageQueuing", "MessageQueuing\MessageQueuing.csproj", "{6010D01D-9780-4534-9FB2-BE0D9F5AA74C}"
EndProject
Project("{FAE04EC0-301F-11D3-BF4B-00C04F79EFBC}") = "MessageQueuing.TestApplication", "MessageQueuing.TestApplication\MessageQueuing.TestApplication.csproj", "{44C0F529-C821-4DB5-970A-4685568F9802}"
EndProject
Project("{FAE04EC0-301F-11D3-BF4B-00C04F79EFBC}") = "MessageQueuing.Tests", "MessageQueuing.Tests\MessageQueuing.Tests.csproj", "{D3A754AA-F2A7-43D1-86D3-EC256700D77A}"
EndProject
Global
	GlobalSection(SolutionConfigurationPlatforms) = preSolution
		Debug|Any CPU = Debug|Any CPU
		Release|Any CPU = Release|Any CPU
	EndGlobalSection
	GlobalSection(ProjectConfigurationPlatforms) = postSolution
		{6010D01D-9780-4534-9FB2-BE0D9F5AA74C}.Debug|Any CPU.ActiveCfg = Debug|Any CPU
		{6010D01D-9780-4534-9FB2-BE0D9F5AA74C}.Debug|Any CPU.Build.0 = Debug|Any CPU
		{6010D01D-9780-4534-9FB2-BE0D9F5AA74C}.Release|Any CPU.ActiveCfg = Release|Any CPU
		{6010D01D-9780-4534-9FB2-BE0D9F5AA74C}.Release|Any CPU.Build.0 = Release|Any CPU
		{44C0F529-C821-4DB5-970A-4685568F9802}.Debug|Any CPU.ActiveCfg = Debug|Any CPU
		{44C0F529-C821-4DB5-970A-4685568F9802}.Debug|Any CPU.Build.0 = Debug|Any CPU
		{44C0F529-C821-4DB5-970A-4685568F9802}.Release|Any CPU.ActiveCfg = Release|Any CPU
		{44C0F529-C821-4DB5-970A-4685568F9802}.Release|Any CPU.Build.0 = Release|Any CPU
		{D3A754AA-F2A7-43D1-86D3-EC256700D77A}.Debug|Any CPU.ActiveCfg = Debug|Any CPU
		{D3A754AA-F2A7-43D1-86D3-EC256700D77A}.Debug|Any CPU.Build.0 = Debug|Any CPU
		{D3A754AA-F2A7-43D1-86D3-EC256700D77A}.Release|Any CPU.ActiveCfg = Release|Any CPU
		{D3A754AA-F2A7-43D1-86D3-EC256700D77A}.Release|Any CPU.Build.0 = Release|Any CPU
	EndGlobalSection
	GlobalSection(SolutionProperties) = preSolution
		HideSolutionNode = FALSE
	EndGlobalSection
EndGlobal
